
Microsoft Visual Studio Solution File, Format Version 12.00
# Visual Studio 15
VisualStudioVersion = 15.0.28307.271
MinimumVisualStudioVersion = 10.0.40219.1
Project("{FAE04EC0-301F-11D3-BF4B-00C04F79EFBC}") = "WebApplication56", "WebApplication56\WebApplication56.csproj", "{7C1CE644-7410-42A1-BEED-85B83B804835}"
EndProject
Global
	GlobalSection(SolutionConfigurationPlatforms) = preSolution
		Debug|Any CPU = Debug|Any CPU
		Release|Any CPU = Release|Any CPU
	EndGlobalSection
	GlobalSection(ProjectConfigurationPlatforms) = postSolution
		{7C1CE644-7410-42A1-BEED-85B83B804835}.Debug|Any CPU.ActiveCfg = Debug|Any CPU
		{7C1CE644-7410-42A1-BEED-85B83B804835}.Debug|Any CPU.Build.0 = Debug|Any CPU
		{7C1CE644-7410-42A1-BEED-85B83B804835}.Release|Any CPU.ActiveCfg = Release|Any CPU
		{7C1CE644-7410-42A1-BEED-85B83B804835}.Release|Any CPU.Build.0 = Release|Any CPU
	EndGlobalSection
	GlobalSection(SolutionProperties) = preSolution
		HideSolutionNode = FALSE
	EndGlobalSection
	GlobalSection(ExtensibilityGlobals) = postSolution
		SolutionGuid = {C9623408-2442-4435-A10E-CBFE2A743C0E}
	EndGlobalSection
EndGlobal
